PODS:
  - IQDropDownTextField (1.0.6)
  - MDCSwipeToChoose (0.2.3)
  - PureLayout (2.0.6)

DEPENDENCIES:
  - IQDropDownTextField
  - MDCSwipeToChoose
  - PureLayout

SPEC CHECKSUMS:
  IQDropDownTextField: 361e4a4ea879c4ed0c15cbd89aceb5e60aa19d33
  MDCSwipeToChoose: 56239d98b4558c66e7c3c9069482befd26092270
  PureLayout: f25f0bb904d5ccfe6e31da3cb869185259f02e0d

COCOAPODS: 0.38.2
